// !$*UTF8*$!
{
	archiveVersion = 1;
	classes = {
	};
	objectVersion = 48;
	objects = {

/* Begin PBXBuildFile section */
		C34127FF211AA93600B747F0 /* AppDelegate.swift in Sources */ = {isa = PBXBuildFile; fileRef = C34127FE211AA93600B747F0 /* AppDelegate.swift */; };
		C3412801211AA93600B747F0 /* ViewController.swift in Sources */ = {isa = PBXBuildFile; fileRef = C3412800211AA93600B747F0 /* ViewController.swift */; };
		C3412804211AA93600B747F0 /* Main.storyboard in Resources */ = {isa = PBXBuildFile; fileRef = C3412802211AA93600B747F0 /* Main.storyboard */; };
		C3412806211AA93600B747F0 /* Assets.xcassets in Resources */ = {isa = PBXBuildFile; fileRef = C3412805211AA93600B747F0 /* Assets.xcassets */; };
		C3412809211AA93600B747F0 /* LaunchScreen.storyboard in Resources */ = {isa = PBXBuildFile; fileRef = C3412807211AA93600B747F0 /* LaunchScreen.storyboard */; };
		C3412814211AA93600B747F0 /* CanadaInfoTests.swift in Sources */ = {isa = PBXBuildFile; fileRef = C3412813211AA93600B747F0 /* CanadaInfoTests.swift */; };
		C341281F211AA93600B747F0 /* CanadaInfoUITests.swift in Sources */ = {isa = PBXBuildFile; fileRef = C341281E211AA93600B747F0 /* CanadaInfoUITests.swift */; };
		C3412834211AAAAC00B747F0 /* Rows.swift in Sources */ = {isa = PBXBuildFile; fileRef = C3412833211AAAAC00B747F0 /* Rows.swift */; };
		C3412835211AAAAC00B747F0 /* Rows.swift in Sources */ = {isa = PBXBuildFile; fileRef = C3412833211AAAAC00B747F0 /* Rows.swift */; };
		C3412836211AAAAC00B747F0 /* Rows.swift in Sources */ = {isa = PBXBuildFile; fileRef = C3412833211AAAAC00B747F0 /* Rows.swift */; };
		C3412838211AAB2800B747F0 /* Info.swift in Sources */ = {isa = PBXBuildFile; fileRef = C3412837211AAB2800B747F0 /* Info.swift */; };
		C3412839211AAB2800B747F0 /* Info.swift in Sources */ = {isa = PBXBuildFile; fileRef = C3412837211AAB2800B747F0 /* Info.swift */; };
		C341283A211AAB2800B747F0 /* Info.swift in Sources */ = {isa = PBXBuildFile; fileRef = C3412837211AAB2800B747F0 /* Info.swift */; };
		C3412842211ACA9F00B747F0 /* InfoTableViewCell.swift in Sources */ = {isa = PBXBuildFile; fileRef = C3412841211ACA9F00B747F0 /* InfoTableViewCell.swift */; };
		C3412843211ACA9F00B747F0 /* InfoTableViewCell.swift in Sources */ = {isa = PBXBuildFile; fileRef = C3412841211ACA9F00B747F0 /* InfoTableViewCell.swift */; };
		C3412844211ACA9F00B747F0 /* InfoTableViewCell.swift in Sources */ = {isa = PBXBuildFile; fileRef = C3412841211ACA9F00B747F0 /* InfoTableViewCell.swift */; };
		C3E924C3211C43B600AF2344 /* CanadaInfo.swift in Sources */ = {isa = PBXBuildFile; fileRef = C3E924C2211C43B600AF2344 /* CanadaInfo.swift */; };
		C3E924C5211C43BE00AF2344 /* Row.swift in Sources */ = {isa = PBXBuildFile; fileRef = C3E924C4211C43BE00AF2344 /* Row.swift */; };
		C3E924C6211C521D00AF2344 /* ViewController.swift in Sources */ = {isa = PBXBuildFile; fileRef = C3412800211AA93600B747F0 /* ViewController.swift */; };
		C3E924C7211C521D00AF2344 /* ViewController.swift in Sources */ = {isa = PBXBuildFile; fileRef = C3412800211AA93600B747F0 /* ViewController.swift */; };
		C3F6659D211C35970074B0FF /* RequestManager.swift in Sources */ = {isa = PBXBuildFile; fileRef = C3F6659C211C35970074B0FF /* RequestManager.swift */; };
		C3F6659F211C36340074B0FF /* CanadaRequestProvider.swift in Sources */ = {isa = PBXBuildFile; fileRef = C3F6659E211C36340074B0FF /* CanadaRequestProvider.swift */; };
		D1D8BBB7587EB50EE7E14E63 /* Pods_CanadaInfo.framework in Frameworks */ = {isa = PBXBuildFile; fileRef = 5EC76986BCAE3AC73113CADA /* Pods_CanadaInfo.framework */; };
/* End PBXBuildFile section */

/* Begin PBXContainerItemProxy section */
		C3412810211AA93600B747F0 /* PBXContainerItemProxy */ = {
			isa = PBXContainerItemProxy;
			containerPortal = C34127F3211AA93600B747F0 /* Project object */;
			proxyType = 1;
			remoteGlobalIDString = C34127FA211AA93600B747F0;
			remoteInfo = CanadaInfo;
		};
		C341281B211AA93600B747F0 /* PBXContainerItemProxy */ = {
			isa = PBXContainerItemProxy;
			containerPortal = C34127F3211AA93600B747F0 /* Project object */;
			proxyType = 1;
			remoteGlobalIDString = C34127FA211AA93600B747F0;
			remoteInfo = CanadaInfo;
		};
/* End PBXContainerItemProxy section */

/* Begin PBXFileReference section */
		5EC76986BCAE3AC73113CADA /* Pods_CanadaInfo.framework */ = {isa = PBXFileReference; explicitFileType = wrapper.framework; includeInIndex = 0; path = Pods_CanadaInfo.framework; sourceTree = BUILT_PRODUCTS_DIR; };
		C34127FB211AA93600B747F0 /* CanadaInfo.app */ = {isa = PBXFileReference; explicitFileType = wrapper.application; includeInIndex = 0; path = CanadaInfo.app; sourceTree = BUILT_PRODUCTS_DIR; };
		C34127FE211AA93600B747F0 /* AppDelegate.swift */ = {isa = PBXFileReference; lastKnownFileType = sourcecode.swift; path = AppDelegate.swift; sourceTree = "<group>"; };
		C3412800211AA93600B747F0 /* ViewController.swift */ = {isa = PBXFileReference; lastKnownFileType = sourcecode.swift; path = ViewController.swift; sourceTree = "<group>"; };
		C3412803211AA93600B747F0 /* Base */ = {isa = PBXFileReference; lastKnownFileType = file.storyboard; name = Base; path = Base.lproj/Main.storyboard; sourceTree = "<group>"; };
		C3412805211AA93600B747F0 /* Assets.xcassets */ = {isa = PBXFileReference; lastKnownFileType = folder.assetcatalog; path = Assets.xcassets; sourceTree = "<group>"; };
		C3412808211AA93600B747F0 /* Base */ = {isa = PBXFileReference; lastKnownFileType = file.storyboard; name = Base; path = Base.lproj/LaunchScreen.storyboard; sourceTree = "<group>"; };
		C341280A211AA93600B747F0 /* Info.plist */ = {isa = PBXFileReference; lastKnownFileType = text.plist.xml; path = Info.plist; sourceTree = "<group>"; };
		C341280F211AA93600B747F0 /* CanadaInfoTests.xctest */ = {isa = PBXFileReference; explicitFileType = wrapper.cfbundle; includeInIndex = 0; path = CanadaInfoTests.xctest; sourceTree = BUILT_PRODUCTS_DIR; };
		C3412813211AA93600B747F0 /* CanadaInfoTests.swift */ = {isa = PBXFileReference; lastKnownFileType = sourcecode.swift; path = CanadaInfoTests.swift; sourceTree = "<group>"; };
		C3412815211AA93600B747F0 /* Info.plist */ = {isa = PBXFileReference; lastKnownFileType = text.plist.xml; path = Info.plist; sourceTree = "<group>"; };
		C341281A211AA93600B747F0 /* CanadaInfoUITests.xctest */ = {isa = PBXFileReference; explicitFileType = wrapper.cfbundle; includeInIndex = 0; path = CanadaInfoUITests.xctest; sourceTree = BUILT_PRODUCTS_DIR; };
		C341281E211AA93600B747F0 /* CanadaInfoUITests.swift */ = {isa = PBXFileReference; lastKnownFileType = sourcecode.swift; path = CanadaInfoUITests.swift; sourceTree = "<group>"; };
		C3412820211AA93600B747F0 /* Info.plist */ = {isa = PBXFileReference; lastKnownFileType = text.plist.xml; path = Info.plist; sourceTree = "<group>"; };
		C3412833211AAAAC00B747F0 /* Rows.swift */ = {isa = PBXFileReference; lastKnownFileType = sourcecode.swift; path = Rows.swift; sourceTree = "<group>"; };
		C3412837211AAB2800B747F0 /* Info.swift */ = {isa = PBXFileReference; lastKnownFileType = sourcecode.swift; path = Info.swift; sourceTree = "<group>"; };
		C3412841211ACA9F00B747F0 /* InfoTableViewCell.swift */ = {isa = PBXFileReference; lastKnownFileType = sourcecode.swift; path = InfoTableViewCell.swift; sourceTree = "<group>"; };
		C3E924C2211C43B600AF2344 /* CanadaInfo.swift */ = {isa = PBXFileReference; fileEncoding = 4; lastKnownFileType = sourcecode.swift; path = CanadaInfo.swift; sourceTree = "<group>"; };
		C3E924C4211C43BE00AF2344 /* Row.swift */ = {isa = PBXFileReference; fileEncoding = 4; lastKnownFileType = sourcecode.swift; path = Row.swift; sourceTree = "<group>"; };
		C3F6659C211C35970074B0FF /* RequestManager.swift */ = {isa = PBXFileReference; lastKnownFileType = sourcecode.swift; path = RequestManager.swift; sourceTree = "<group>"; };
		C3F6659E211C36340074B0FF /* CanadaRequestProvider.swift */ = {isa = PBXFileReference; lastKnownFileType = sourcecode.swift; path = CanadaRequestProvider.swift; sourceTree = "<group>"; };
		E6F9B49D10EF8BB1E821DE2D /* Pods-CanadaInfo.debug.xcconfig */ = {isa = PBXFileReference; includeInIndex = 1; lastKnownFileType = text.xcconfig; name = "Pods-CanadaInfo.debug.xcconfig"; path = "Pods/Target Support Files/Pods-CanadaInfo/Pods-CanadaInfo.debug.xcconfig"; sourceTree = "<group>"; };
		F21E8A5AABFBEF11CC1454D8 /* Pods-CanadaInfo.release.xcconfig */ = {isa = PBXFileReference; includeInIndex = 1; lastKnownFileType = text.xcconfig; name = "Pods-CanadaInfo.release.xcconfig"; path = "Pods/Target Support Files/Pods-CanadaInfo/Pods-CanadaInfo.release.xcconfig"; sourceTree = "<group>"; };
/* End PBXFileReference section */

/* Begin PBXFrameworksBuildPhase section */
		C34127F8211AA93600B747F0 /* Frameworks */ = {
			isa = PBXFrameworksBuildPhase;
			buildActionMask = 2147483647;
			files = (
				D1D8BBB7587EB50EE7E14E63 /* Pods_CanadaInfo.framework in Frameworks */,
			);
			runOnlyForDeploymentPostprocessing = 0;
		};
		C341280C211AA93600B747F0 /* Frameworks */ = {
			isa = PBXFrameworksBuildPhase;
			buildActionMask = 2147483647;
			files = (
			);
			runOnlyForDeploymentPostprocessing = 0;
		};
		C3412817211AA93600B747F0 /* Frameworks */ = {
			isa = PBXFrameworksBuildPhase;
			buildActionMask = 2147483647;
			files = (
			);
			runOnlyForDeploymentPostprocessing = 0;
		};
/* End PBXFrameworksBuildPhase section */

/* Begin PBXGroup section */
		78583261330F1E3431AEC839 /* Frameworks */ = {
			isa = PBXGroup;
			children = (
				5EC76986BCAE3AC73113CADA /* Pods_CanadaInfo.framework */,
			);
			name = Frameworks;
			sourceTree = "<group>";
		};
		C34127F2211AA93600B747F0 = {
			isa = PBXGroup;
			children = (
				C34127FD211AA93600B747F0 /* CanadaInfo */,
				C3412812211AA93600B747F0 /* CanadaInfoTests */,
				C341281D211AA93600B747F0 /* CanadaInfoUITests */,
				C34127FC211AA93600B747F0 /* Products */,
				E8763E9D2A4B871C3DEB913B /* Pods */,
				78583261330F1E3431AEC839 /* Frameworks */,
			);
			sourceTree = "<group>";
		};
		C34127FC211AA93600B747F0 /* Products */ = {
			isa = PBXGroup;
			children = (
				C34127FB211AA93600B747F0 /* CanadaInfo.app */,
				C341280F211AA93600B747F0 /* CanadaInfoTests.xctest */,
				C341281A211AA93600B747F0 /* CanadaInfoUITests.xctest */,
			);
			name = Products;
			sourceTree = "<group>";
		};
		C34127FD211AA93600B747F0 /* CanadaInfo */ = {
			isa = PBXGroup;
			children = (
				C3412802211AA93600B747F0 /* Main.storyboard */,
				C34127FE211AA93600B747F0 /* AppDelegate.swift */,
				C341283C211AAE3D00B747F0 /* ViewModel */,
				C3412832211AAA8500B747F0 /* Model */,
				C3412831211AAA6E00B747F0 /* View */,
				C3412805211AA93600B747F0 /* Assets.xcassets */,
				C3412807211AA93600B747F0 /* LaunchScreen.storyboard */,
				C341280A211AA93600B747F0 /* Info.plist */,
			);
			path = CanadaInfo;
			sourceTree = "<group>";
		};
		C3412812211AA93600B747F0 /* CanadaInfoTests */ = {
			isa = PBXGroup;
			children = (
				C3412813211AA93600B747F0 /* CanadaInfoTests.swift */,
				C3412815211AA93600B747F0 /* Info.plist */,
			);
			path = CanadaInfoTests;
			sourceTree = "<group>";
		};
		C341281D211AA93600B747F0 /* CanadaInfoUITests */ = {
			isa = PBXGroup;
			children = (
				C341281E211AA93600B747F0 /* CanadaInfoUITests.swift */,
				C3412820211AA93600B747F0 /* Info.plist */,
			);
			path = CanadaInfoUITests;
			sourceTree = "<group>";
		};
		C3412831211AAA6E00B747F0 /* View */ = {
			isa = PBXGroup;
			children = (
				C3412800211AA93600B747F0 /* ViewController.swift */,
				C3412841211ACA9F00B747F0 /* InfoTableViewCell.swift */,
			);
			path = View;
			sourceTree = "<group>";
		};
		C3412832211AAA8500B747F0 /* Model */ = {
			isa = PBXGroup;
			children = (
				C3E924C2211C43B600AF2344 /* CanadaInfo.swift */,
				C3E924C4211C43BE00AF2344 /* Row.swift */,
				C3412833211AAAAC00B747F0 /* Rows.swift */,
				C3412837211AAB2800B747F0 /* Info.swift */,
			);
			path = Model;
			sourceTree = "<group>";
		};
		C341283C211AAE3D00B747F0 /* ViewModel */ = {
			isa = PBXGroup;
			children = (
				C3F6659C211C35970074B0FF /* RequestManager.swift */,
				C3F6659E211C36340074B0FF /* CanadaRequestProvider.swift */,
			);
			path = ViewModel;
			sourceTree = "<group>";
		};
		E8763E9D2A4B871C3DEB913B /* Pods */ = {
			isa = PBXGroup;
			children = (
				E6F9B49D10EF8BB1E821DE2D /* Pods-CanadaInfo.debug.xcconfig */,
				F21E8A5AABFBEF11CC1454D8 /* Pods-CanadaInfo.release.xcconfig */,
			);
			name = Pods;
			sourceTree = "<group>";
		};
/* End PBXGroup section */

/* Begin PBXNativeTarget section */
		C34127FA211AA93600B747F0 /* CanadaInfo */ = {
			isa = PBXNativeTarget;
			buildConfigurationList = C3412823211AA93600B747F0 /* Build configuration list for PBXNativeTarget "CanadaInfo" */;
			buildPhases = (
				E277BB32BF18A6BBCB610DA7 /* [CP] Check Pods Manifest.lock */,
				C34127F7211AA93600B747F0 /* Sources */,
				C34127F8211AA93600B747F0 /* Frameworks */,
				C34127F9211AA93600B747F0 /* Resources */,
				41CEB73AB8367F3A64DE9A6F /* [CP] Embed Pods Frameworks */,
			);
			buildRules = (
			);
			dependencies = (
			);
			name = CanadaInfo;
			productName = CanadaInfo;
			productReference = C34127FB211AA93600B747F0 /* CanadaInfo.app */;
			productType = "com.apple.product-type.application";
		};
		C341280E211AA93600B747F0 /* CanadaInfoTests */ = {
			isa = PBXNativeTarget;
			buildConfigurationList = C3412826211AA93600B747F0 /* Build configuration list for PBXNativeTarget "CanadaInfoTests" */;
			buildPhases = (
				C341280B211AA93600B747F0 /* Sources */,
				C341280C211AA93600B747F0 /* Frameworks */,
				C341280D211AA93600B747F0 /* Resources */,
			);
			buildRules = (
			);
			dependencies = (
				C3412811211AA93600B747F0 /* PBXTargetDependency */,
			);
			name = CanadaInfoTests;
			productName = CanadaInfoTests;
			productReference = C341280F211AA93600B747F0 /* CanadaInfoTests.xctest */;
			productType = "com.apple.product-type.bundle.unit-test";
		};
		C3412819211AA93600B747F0 /* CanadaInfoUITests */ = {
			isa = PBXNativeTarget;
			buildConfigurationList = C3412829211AA93600B747F0 /* Build configuration list for PBXNativeTarget "CanadaInfoUITests" */;
			buildPhases = (
				C3412816211AA93600B747F0 /* Sources */,
				C3412817211AA93600B747F0 /* Frameworks */,
				C3412818211AA93600B747F0 /* Resources */,
			);
			buildRules = (
			);
			dependencies = (
				C341281C211AA93600B747F0 /* PBXTargetDependency */,
			);
			name = CanadaInfoUITests;
			productName = CanadaInfoUITests;
			productReference = C341281A211AA93600B747F0 /* CanadaInfoUITests.xctest */;
			productType = "com.apple.product-type.bundle.ui-testing";
		};
/* End PBXNativeTarget section */

/* Begin PBXProject section */
		C34127F3211AA93600B747F0 /* Project object */ = {
			isa = PBXProject;
			attributes = {
				LastSwiftUpdateCheck = 0920;
				LastUpgradeCheck = 0920;
				ORGANIZATIONNAME = Yugandhara;
				TargetAttributes = {
					C34127FA211AA93600B747F0 = {
						CreatedOnToolsVersion = 9.2;
						ProvisioningStyle = Automatic;
					};
					C341280E211AA93600B747F0 = {
						CreatedOnToolsVersion = 9.2;
						ProvisioningStyle = Automatic;
						TestTargetID = C34127FA211AA93600B747F0;
					};
					C3412819211AA93600B747F0 = {
						CreatedOnToolsVersion = 9.2;
						ProvisioningStyle = Automatic;
						TestTargetID = C34127FA211AA93600B747F0;
					};
				};
			};
			buildConfigurationList = C34127F6211AA93600B747F0 /* Build configuration list for PBXProject "CanadaInfo" */;
			compatibilityVersion = "Xcode 8.0";
			developmentRegion = en;
			hasScannedForEncodings = 0;
			knownRegions = (
				en,
				Base,
			);
			mainGroup = C34127F2211AA93600B747F0;
			productRefGroup = C34127FC211AA93600B747F0 /* Products */;
			projectDirPath = "";
			projectRoot = "";
			targets = (
				C34127FA211AA93600B747F0 /* CanadaInfo */,
				C341280E211AA93600B747F0 /* CanadaInfoTests */,
				C3412819211AA93600B747F0 /* CanadaInfoUITests */,
			);
		};
/* End PBXProject section */

/* Begin PBXResourcesBuildPhase section */
		C34127F9211AA93600B747F0 /* Resources */ = {
			isa = PBXResourcesBuildPhase;
			buildActionMask = 2147483647;
			files = (
				C3412809211AA93600B747F0 /* LaunchScreen.storyboard in Resources */,
				C3412806211AA93600B747F0 /* Assets.xcassets in Resources */,
				C3412804211AA93600B747F0 /* Main.storyboard in Resources */,
			);
			runOnlyForDeploymentPostprocessing = 0;
		};
		C341280D211AA93600B747F0 /* Resources */ = {
			isa = PBXResourcesBuildPhase;
			buildActionMask = 2147483647;
			files = (
			);
			runOnlyForDeploymentPostprocessing = 0;
		};
		C3412818211AA93600B747F0 /* Resources */ = {
			isa = PBXResourcesBuildPhase;
			buildActionMask = 2147483647;
			files = (
			);
			runOnlyForDeploymentPostprocessing = 0;
		};
/* End PBXResourcesBuildPhase section */

/* Begin PBXShellScriptBuildPhase section */
		41CEB73AB8367F3A64DE9A6F /* [CP] Embed Pods Frameworks */ = {
			isa = PBXShellScriptBuildPhase;
			buildActionMask = 2147483647;
			files = (
			);
			inputPaths = (
				"${SRCROOT}/Pods/Target Support Files/Pods-CanadaInfo/Pods-CanadaInfo-frameworks.sh",
				"${BUILT_PRODUCTS_DIR}/Alamofire/Alamofire.framework",
				"${BUILT_PRODUCTS_DIR}/SwiftyJSON/SwiftyJSON.framework",
			);
			name = "[CP] Embed Pods Frameworks";
			outputPaths = (
				"${TARGET_BUILD_DIR}/${FRAMEWORKS_FOLDER_PATH}/Alamofire.framework",
				"${TARGET_BUILD_DIR}/${FRAMEWORKS_FOLDER_PATH}/SwiftyJSON.framework",
			);
			runOnlyForDeploymentPostprocessing = 0;
			shellPath = /bin/sh;
			shellScript = "\"${SRCROOT}/Pods/Target Support Files/Pods-CanadaInfo/Pods-CanadaInfo-frameworks.sh\"\n";
			showEnvVarsInLog = 0;
		};
		E277BB32BF18A6BBCB610DA7 /* [CP] Check Pods Manifest.lock */ = {
			isa = PBXShellScriptBuildPhase;
			buildActionMask = 2147483647;
			files = (
			);
			inputPaths = (
				"${PODS_PODFILE_DIR_PATH}/Podfile.lock",
				"${PODS_ROOT}/Manifest.lock",
			);
			name = "[CP] Check Pods Manifest.lock";
			outputPaths = (
				"$(DERIVED_FILE_DIR)/Pods-CanadaInfo-checkManifestLockResult.txt",
			);
			runOnlyForDeploymentPostprocessing = 0;
			shellPath = /bin/sh;
			shellScript = "diff \"${PODS_PODFILE_DIR_PATH}/Podfile.lock\" \"${PODS_ROOT}/Manifest.lock\" > /dev/null\nif [ $? != 0 ] ; then\n    # print error to STDERR\n    echo \"error: The sandbox is not in sync with the Podfile.lock. Run 'pod install' or update your CocoaPods installation.\" >&2\n    exit 1\nfi\n# This output is used by Xcode 'outputs' to avoid re-running this script phase.\necho \"SUCCESS\" > \"${SCRIPT_OUTPUT_FILE_0}\"\n";
			showEnvVarsInLog = 0;
		};
/* End PBXShellScriptBuildPhase section */

/* Begin PBXSourcesBuildPhase section */
		C34127F7211AA93600B747F0 /* Sources */ = {
			isa = PBXSourcesBuildPhase;
			buildActionMask = 2147483647;
			files = (
				C3412801211AA93600B747F0 /* ViewController.swift in Sources */,
				C3E924C3211C43B600AF2344 /* CanadaInfo.swift in Sources */,
				C3412838211AAB2800B747F0 /* Info.swift in Sources */,
				C3F6659D211C35970074B0FF /* RequestManager.swift in Sources */,
				C3412834211AAAAC00B747F0 /* Rows.swift in Sources */,
				C3412842211ACA9F00B747F0 /* InfoTableViewCell.swift in Sources */,
				C3F6659F211C36340074B0FF /* CanadaRequestProvider.swift in Sources */,
				C3E924C5211C43BE00AF2344 /* Row.swift in Sources */,
				C34127FF211AA93600B747F0 /* AppDelegate.swift in Sources */,
			);
			runOnlyForDeploymentPostprocessing = 0;
		};
		C341280B211AA93600B747F0 /* Sources */ = {
			isa = PBXSourcesBuildPhase;
			buildActionMask = 2147483647;
			files = (
				C3E924C6211C521D00AF2344 /* ViewController.swift in Sources */,
				C3412839211AAB2800B747F0 /* Info.swift in Sources */,
				C3412843211ACA9F00B747F0 /* InfoTableViewCell.swift in Sources */,
				C3412835211AAAAC00B747F0 /* Rows.swift in Sources */,
				C3412814211AA93600B747F0 /* CanadaInfoTests.swift in Sources */,
			);
			runOnlyForDeploymentPostprocessing = 0;
		};
		C3412816211AA93600B747F0 /* Sources */ = {
			isa = PBXSourcesBuildPhase;
			buildActionMask = 2147483647;
			files = (
				C3E924C7211C521D00AF2344 /* ViewController.swift in Sources */,
				C341283A211AAB2800B747F0 /* Info.swift in Sources */,
				C3412844211ACA9F00B747F0 /* InfoTableViewCell.swift in Sources */,
				C3412836211AAAAC00B747F0 /* Rows.swift in Sources */,
				C341281F211AA93600B747F0 /* CanadaInfoUITests.swift in Sources */,
			);
			runOnlyForDeploymentPostprocessing = 0;
		};
/* End PBXSourcesBuildPhase section */

/* Begin PBXTargetDependency section */
		C3412811211AA93600B747F0 /* PBXTargetDependency */ = {
			isa = PBXTargetDependency;
			target = C34127FA211AA93600B747F0 /* CanadaInfo */;
			targetProxy = C3412810211AA93600B747F0 /* PBXContainerItemProxy */;
		};
		C341281C211AA93600B747F0 /* PBXTargetDependency */ = {
			isa = PBXTargetDependency;
			target = C34127FA211AA93600B747F0 /* CanadaInfo */;
			targetProxy = C341281B211AA93600B747F0 /* PBXContainerItemProxy */;
		};
/* End PBXTargetDependency section */

/* Begin PBXVariantGroup section */
		C3412802211AA93600B747F0 /* Main.storyboard */ = {
			isa = PBXVariantGroup;
			children = (
				C3412803211AA93600B747F0 /* Base */,
			);
			name = Main.storyboard;
			sourceTree = "<group>";
		};
		C3412807211AA93600B747F0 /* LaunchScreen.storyboard */ = {
			isa = PBXVariantGroup;
			children = (
				C3412808211AA93600B747F0 /* Base */,
			);
			name = LaunchScreen.storyboard;
			sourceTree = "<group>";
		};
/* End PBXVariantGroup section */

/* Begin XCBuildConfiguration section */
		C3412821211AA93600B747F0 /* Debug */ = {
			isa = XCBuildConfiguration;
			buildSettings = {
				ALWAYS_SEARCH_USER_PATHS = NO;
				CLANG_ANALYZER_NONNULL = YES;
				CLANG_ANALYZER_NUMBER_OBJECT_CONVERSION = YES_AGGRESSIVE;
				CLANG_CXX_LANGUAGE_STANDARD = "gnu++14";
				CLANG_CXX_LIBRARY = "libc++";
				CLANG_ENABLE_MODULES = YES;
				CLANG_ENABLE_OBJC_ARC = YES;
				CLANG_WARN_BLOCK_CAPTURE_AUTORELEASING = YES;
				CLANG_WARN_BOOL_CONVERSION = YES;
				CLANG_WARN_COMMA = YES;
				CLANG_WARN_CONSTANT_CONVERSION = YES;
				CLANG_WARN_DIRECT_OBJC_ISA_USAGE = YES_ERROR;
				CLANG_WARN_DOCUMENTATION_COMMENTS = YES;
				CLANG_WARN_EMPTY_BODY = YES;
				CLANG_WARN_ENUM_CONVERSION = YES;
				CLANG_WARN_INFINITE_RECURSION = YES;
				CLANG_WARN_INT_CONVERSION = YES;
				CLANG_WARN_NON_LITERAL_NULL_CONVERSION = YES;
				CLANG_WARN_OBJC_LITERAL_CONVERSION = YES;
				CLANG_WARN_OBJC_ROOT_CLASS = YES_ERROR;
				CLANG_WARN_RANGE_LOOP_ANALYSIS = YES;
				CLANG_WARN_STRICT_PROTOTYPES = YES;
				CLANG_WARN_SUSPICIOUS_MOVE = YES;
				CLANG_WARN_UNGUARDED_AVAILABILITY = YES_AGGRESSIVE;
				CLANG_WARN_UNREACHABLE_CODE = YES;
				CLANG_WARN__DUPLICATE_METHOD_MATCH = YES;
				CODE_SIGN_IDENTITY = "iPhone Developer";
				COPY_PHASE_STRIP = NO;
				DEBUG_INFORMATION_FORMAT = dwarf;
				ENABLE_STRICT_OBJC_MSGSEND = YES;
				ENABLE_TESTABILITY = YES;
				GCC_C_LANGUAGE_STANDARD = gnu11;
				GCC_DYNAMIC_NO_PIC = NO;
				GCC_NO_COMMON_BLOCKS = YES;
				GCC_OPTIMIZATION_LEVEL = 0;
				GCC_PREPROCESSOR_DEFINITIONS = (
					"DEBUG=1",
					"$(inherited)",
				);
				GCC_WARN_64_TO_32_BIT_CONVERSION = YES;
				GCC_WARN_ABOUT_RETURN_TYPE = YES_ERROR;
				GCC_WARN_UNDECLARED_SELECTOR = YES;
				GCC_WARN_UNINITIALIZED_AUTOS = YES_AGGRESSIVE;
				GCC_WARN_UNUSED_FUNCTION = YES;
				GCC_WARN_UNUSED_VARIABLE = YES;
				IPHONEOS_DEPLOYMENT_TARGET = 11.2;
				MTL_ENABLE_DEBUG_INFO = YES;
				ONLY_ACTIVE_ARCH = YES;
				SDKROOT = iphoneos;
				SWIFT_ACTIVE_COMPILATION_CONDITIONS = DEBUG;
				SWIFT_OPTIMIZATION_LEVEL = "-Onone";
			};
			name = Debug;
		};
		C3412822211AA93600B747F0 /* Release */ = {
			isa = XCBuildConfiguration;
			buildSettings = {
				ALWAYS_SEARCH_USER_PATHS = NO;
				CLANG_ANALYZER_NONNULL = YES;
				CLANG_ANALYZER_NUMBER_OBJECT_CONVERSION = YES_AGGRESSIVE;
				CLANG_CXX_LANGUAGE_STANDARD = "gnu++14";
				CLANG_CXX_LIBRARY = "libc++";
				CLANG_ENABLE_MODULES = YES;
				CLANG_ENABLE_OBJC_ARC = YES;
				CLANG_WARN_BLOCK_CAPTURE_AUTORELEASING = YES;
				CLANG_WARN_BOOL_CONVERSION = YES;
				CLANG_WARN_COMMA = YES;
				CLANG_WARN_CONSTANT_CONVERSION = YES;
				CLANG_WARN_DIRECT_OBJC_ISA_USAGE = YES_ERROR;
				CLANG_WARN_DOCUMENTATION_COMMENTS = YES;
				CLANG_WARN_EMPTY_BODY = YES;
				CLANG_WARN_ENUM_CONVERSION = YES;
				CLANG_WARN_INFINITE_RECURSION = YES;
				CLANG_WARN_INT_CONVERSION = YES;
				CLANG_WARN_NON_LITERAL_NULL_CONVERSION = YES;
				CLANG_WARN_OBJC_LITERAL_CONVERSION = YES;
				CLANG_WARN_OBJC_ROOT_CLASS = YES_ERROR;
				CLANG_WARN_RANGE_LOOP_ANALYSIS = YES;
				CLANG_WARN_STRICT_PROTOTYPES = YES;
				CLANG_WARN_SUSPICIOUS_MOVE = YES;
				CLANG_WARN_UNGUARDED_AVAILABILITY = YES_AGGRESSIVE;
				CLANG_WARN_UNREACHABLE_CODE = YES;
				CLANG_WARN__DUPLICATE_METHOD_MATCH = YES;
				CODE_SIGN_IDENTITY = "iPhone Developer";
				COPY_PHASE_STRIP = NO;
				DEBUG_INFORMATION_FORMAT = "dwarf-with-dsym";
				ENABLE_NS_ASSERTIONS = NO;
				ENABLE_STRICT_OBJC_MSGSEND = YES;
				GCC_C_LANGUAGE_STANDARD = gnu11;
				GCC_NO_COMMON_BLOCKS = YES;
				GCC_WARN_64_TO_32_BIT_CONVERSION = YES;
				GCC_WARN_ABOUT_RETURN_TYPE = YES_ERROR;
				GCC_WARN_UNDECLARED_SELECTOR = YES;
				GCC_WARN_UNINITIALIZED_AUTOS = YES_AGGRESSIVE;
				GCC_WARN_UNUSED_FUNCTION = YES;
				GCC_WARN_UNUSED_VARIABLE = YES;
				IPHONEOS_DEPLOYMENT_TARGET = 11.2;
				MTL_ENABLE_DEBUG_INFO = NO;
				SDKROOT = iphoneos;
				SWIFT_OPTIMIZATION_LEVEL = "-Owholemodule";
				VALIDATE_PRODUCT = YES;
			};
			name = Release;
		};
		C3412824211AA93600B747F0 /* Debug */ = {
			isa = XCBuildConfiguration;
			baseConfigurationReference = E6F9B49D10EF8BB1E821DE2D /* Pods-CanadaInfo.debug.xcconfig */;
			buildSettings = {
				ASSETCATALOG_COMPILER_APPICON_NAME = AppIcon;
				CODE_SIGN_STYLE = Automatic;
				INFOPLIST_FILE = CanadaInfo/Info.plist;
				IPHONEOS_DEPLOYMENT_TARGET = 9.0;
				LD_RUNPATH_SEARCH_PATHS = "$(inherited) @executable_path/Frameworks";
				PRODUCT_BUNDLE_IDENTIFIER = Infosys.CanadaInfo;
				PRODUCT_NAME = "$(TARGET_NAME)";
				SWIFT_VERSION = 4.0;
				TARGETED_DEVICE_FAMILY = "1,2";
			};
			name = Debug;
		};
		C3412825211AA93600B747F0 /* Release */ = {
			isa = XCBuildConfiguration;
			baseConfigurationReference = F21E8A5AABFBEF11CC1454D8 /* Pods-CanadaInfo.release.xcconfig */;
			buildSettings = {
				ASSETCATALOG_COMPILER_APPICON_NAME = AppIcon;
				CODE_SIGN_STYLE = Automatic;
				INFOPLIST_FILE = CanadaInfo/Info.plist;
				IPHONEOS_DEPLOYMENT_TARGET = 9.0;
				LD_RUNPATH_SEARCH_PATHS = "$(inherited) @executable_path/Frameworks";
				PRODUCT_BUNDLE_IDENTIFIER = Infosys.CanadaInfo;
				PRODUCT_NAME = "$(TARGET_NAME)";
				SWIFT_VERSION = 4.0;
				TARGETED_DEVICE_FAMILY = "1,2";
			};
			name = Release;
		};
		C3412827211AA93600B747F0 /* Debug */ = {
			isa = XCBuildConfiguration;
			buildSettings = {
				ALWAYS_EMBED_SWIFT_STANDARD_LIBRARIES = YES;
				BUNDLE_LOADER = "$(TEST_HOST)";
				CODE_SIGN_STYLE = Automatic;
				INFOPLIST_FILE = CanadaInfoTests/Info.plist;
				LD_RUNPATH_SEARCH_PATHS = "$(inherited) @executable_path/Frameworks @loader_path/Frameworks";
				PRODUCT_BUNDLE_IDENTIFIER = Infosys.CanadaInfoTests;
				PRODUCT_NAME = "$(TARGET_NAME)";
				SWIFT_VERSION = 4.0;
				TARGETED_DEVICE_FAMILY = "1,2";
				TEST_HOST = "$(BUILT_PRODUCTS_DIR)/CanadaInfo.app/CanadaInfo";
			};
			name = Debug;
		};
		C3412828211AA93600B747F0 /* Release */ = {
			isa = XCBuildConfiguration;
			buildSettings = {
				ALWAYS_EMBED_SWIFT_STANDARD_LIBRARIES = YES;
				BUNDLE_LOADER = "$(TEST_HOST)";
				CODE_SIGN_STYLE = Automatic;
				INFOPLIST_FILE = CanadaInfoTests/Info.plist;
				LD_RUNPATH_SEARCH_PATHS = "$(inherited) @executable_path/Frameworks @loader_path/Frameworks";
				PRODUCT_BUNDLE_IDENTIFIER = Infosys.CanadaInfoTests;
				PRODUCT_NAME = "$(TARGET_NAME)";
				SWIFT_VERSION = 4.0;
				TARGETED_DEVICE_FAMILY = "1,2";
				TEST_HOST = "$(BUILT_PRODUCTS_DIR)/CanadaInfo.app/CanadaInfo";
			};
			name = Release;
		};
		C341282A211AA93600B747F0 /* Debug */ = {
			isa = XCBuildConfiguration;
			buildSettings = {
				ALWAYS_EMBED_SWIFT_STANDARD_LIBRARIES = YES;
				CODE_SIGN_STYLE = Automatic;
				INFOPLIST_FILE = CanadaInfoUITests/Info.plist;
				LD_RUNPATH_SEARCH_PATHS = "$(inherited) @executable_path/Frameworks @loader_path/Frameworks";
				PRODUCT_BUNDLE_IDENTIFIER = Infosys.CanadaInfoUITests;
				PRODUCT_NAME = "$(TARGET_NAME)";
				SWIFT_VERSION = 4.0;
				TARGETED_DEVICE_FAMILY = "1,2";
				TEST_TARGET_NAME = CanadaInfo;
			};
			name = Debug;
		};
		C341282B211AA93600B747F0 /* Release */ = {
			isa = XCBuildConfiguration;
			buildSettings = {
				ALWAYS_EMBED_SWIFT_STANDARD_LIBRARIES = YES;
				CODE_SIGN_STYLE = Automatic;
				INFOPLIST_FILE = CanadaInfoUITests/Info.plist;
				LD_RUNPATH_SEARCH_PATHS = "$(inherited) @executable_path/Frameworks @loader_path/Frameworks";
				PRODUCT_BUNDLE_IDENTIFIER = Infosys.CanadaInfoUITests;
				PRODUCT_NAME = "$(TARGET_NAME)";
				SWIFT_VERSION = 4.0;
				TARGETED_DEVICE_FAMILY = "1,2";
				TEST_TARGET_NAME = CanadaInfo;
			};
			name = Release;
		};
/* End XCBuildConfiguration section */

/* Begin XCConfigurationList section */
		C34127F6211AA93600B747F0 /* Build configuration list for PBXProject "CanadaInfo" */ = {
			isa = XCConfigurationList;
			buildConfigurations = (
				C3412821211AA93600B747F0 /* Debug */,
				C3412822211AA93600B747F0 /* Release */,
			);
			defaultConfigurationIsVisible = 0;
			defaultConfigurationName = Release;
		};
		C3412823211AA93600B747F0 /* Build configuration list for PBXNativeTarget "CanadaInfo" */ = {
			isa = XCConfigurationList;
			buildConfigurations = (
				C3412824211AA93600B747F0 /* Debug */,
				C3412825211AA93600B747F0 /* Release */,
			);
			defaultConfigurationIsVisible = 0;
			defaultConfigurationName = Release;
		};
		C3412826211AA93600B747F0 /* Build configuration list for PBXNativeTarget "CanadaInfoTests" */ = {
			isa = XCConfigurationList;
			buildConfigurations = (
				C3412827211AA93600B747F0 /* Debug */,
				C3412828211AA93600B747F0 /* Release */,
			);
			defaultConfigurationIsVisible = 0;
			defaultConfigurationName = Release;
		};
		C3412829211AA93600B747F0 /* Build configuration list for PBXNativeTarget "CanadaInfoUITests" */ = {
			isa = XCConfigurationList;
			buildConfigurations = (
				C341282A211AA93600B747F0 /* Debug */,
				C341282B211AA93600B747F0 /* Release */,
			);
			defaultConfigurationIsVisible = 0;
			defaultConfigurationName = Release;
		};
/* End XCConfigurationList section */
	};
	rootObject = C34127F3211AA93600B747F0 /* Project object */;
}
